// !$*UTF8*$!
{
	archiveVersion = 1;
	classes = {
	};
	objectVersion = 46;
	objects = {

/* Begin PBXBuildFile section */
		B68A81D61ACDBA4F0067ACB1 /* main.m in Sources */ = {isa = PBXBuildFile; fileRef = B68A81D51ACDBA4F0067ACB1 /* main.m */; };
		B68A81D91ACDBA4F0067ACB1 /* AppDelegate.m in Sources */ = {isa = PBXBuildFile; fileRef = B68A81D81ACDBA4F0067ACB1 /* AppDelegate.m */; };
		B68A81DC1ACDBA4F0067ACB1 /* FindMoviesNear.xcdatamodeld in Sources */ = {isa = PBXBuildFile; fileRef = B68A81DA1ACDBA4F0067ACB1 /* FindMoviesNear.xcdatamodeld */; };
		B68A81DF1ACDBA4F0067ACB1 /* MasterViewController.m in Sources */ = {isa = PBXBuildFile; fileRef = B68A81DE1ACDBA4F0067ACB1 /* MasterViewController.m */; };
		B68A81E21ACDBA4F0067ACB1 /* DetailViewController.m in Sources */ = {isa = PBXBuildFile; fileRef = B68A81E11ACDBA4F0067ACB1 /* DetailViewController.m */; };
		B68A81E51ACDBA4F0067ACB1 /* Main.storyboard in Resources */ = {isa = PBXBuildFile; fileRef = B68A81E31ACDBA4F0067ACB1 /* Main.storyboard */; };
		B68A81E71ACDBA4F0067ACB1 /* Images.xcassets in Resources */ = {isa = PBXBuildFile; fileRef = B68A81E61ACDBA4F0067ACB1 /* Images.xcassets */; };
		B68A81EA1ACDBA4F0067ACB1 /* LaunchScreen.xib in Resources */ = {isa = PBXBuildFile; fileRef = B68A81E81ACDBA4F0067ACB1 /* LaunchScreen.xib */; };
		B68A81F61ACDBA4F0067ACB1 /* FindMoviesNearTests.m in Sources */ = {isa = PBXBuildFile; fileRef = B68A81F51ACDBA4F0067ACB1 /* FindMoviesNearTests.m */; };
		B68A82061ACDBAC30067ACB1 /* Movies.m in Sources */ = {isa = PBXBuildFile; fileRef = B68A82051ACDBAC30067ACB1 /* Movies.m */; };
		B68A82151ACDC53A0067ACB1 /* MovieBuilder.m in Sources */ = {isa = PBXBuildFile; fileRef = B68A82141ACDC53A0067ACB1 /* MovieBuilder.m */; };
		B68A82181ACDC5AC0067ACB1 /* TheaterCommunicator.m in Sources */ = {isa = PBXBuildFile; fileRef = B68A82171ACDC5AC0067ACB1 /* TheaterCommunicator.m */; };
		B68A821B1ACDCA340067ACB1 /* MovieTheatreManager.m in Sources */ = {isa = PBXBuildFile; fileRef = B68A821A1ACDCA340067ACB1 /* MovieTheatreManager.m */; };
		B68A82201ACDCE4B0067ACB1 /* Theatres.m in Sources */ = {isa = PBXBuildFile; fileRef = B68A821F1ACDCE4B0067ACB1 /* Theatres.m */; };
		B68A828F1ACDD8510067ACB1 /* CoreLocation.framework in Frameworks */ = {isa = PBXBuildFile; fileRef = B68A828E1ACDD8510067ACB1 /* CoreLocation.framework */; };
		B68A82921ACDD8940067ACB1 /* TheatreViewController.m in Sources */ = {isa = PBXBuildFile; fileRef = B68A82911ACDD8940067ACB1 /* TheatreViewController.m */; };
		B68A82951ACDE2DF0067ACB1 /* NSString+URLEncoding.m in Sources */ = {isa = PBXBuildFile; fileRef = B68A82941ACDE2DF0067ACB1 /* NSString+URLEncoding.m */; };
		B68A82991ACDF4B60067ACB1 /* MapKit.framework in Frameworks */ = {isa = PBXBuildFile; fileRef = B68A82981ACDF4B60067ACB1 /* MapKit.framework */; };
/* End PBXBuildFile section */

/* Begin PBXContainerItemProxy section */
		B68A81F01ACDBA4F0067ACB1 /* PBXContainerItemProxy */ = {
			isa = PBXContainerItemProxy;
			containerPortal = B68A81C81ACDBA4F0067ACB1 /* Project object */;
			proxyType = 1;
			remoteGlobalIDString = B68A81CF1ACDBA4F0067ACB1;
			remoteInfo = FindMoviesNear;
		};
/* End PBXContainerItemProxy section */

/* Begin PBXFileReference section */
		B68A81D01ACDBA4F0067ACB1 /* FindMoviesNear.app */ = {isa = PBXFileReference; explicitFileType = wrapper.application; includeInIndex = 0; path = FindMoviesNear.app; sourceTree = BUILT_PRODUCTS_DIR; };
		B68A81D41ACDBA4F0067ACB1 /* Info.plist */ = {isa = PBXFileReference; lastKnownFileType = text.plist.xml; path = Info.plist; sourceTree = "<group>"; };
		B68A81D51ACDBA4F0067ACB1 /* main.m */ = {isa = PBXFileReference; lastKnownFileType = sourcecode.c.objc; path = main.m; sourceTree = "<group>"; };
		B68A81D71ACDBA4F0067ACB1 /* AppDelegate.h */ = {isa = PBXFileReference; lastKnownFileType = sourcecode.c.h; path = AppDelegate.h; sourceTree = "<group>"; };
		B68A81D81ACDBA4F0067ACB1 /* AppDelegate.m */ = {isa = PBXFileReference; lastKnownFileType = sourcecode.c.objc; path = AppDelegate.m; sourceTree = "<group>"; };
		B68A81DB1ACDBA4F0067ACB1 /* FindMoviesNear.xcdatamodel */ = {isa = PBXFileReference; lastKnownFileType = wrapper.xcdatamodel; path = FindMoviesNear.xcdatamodel; sourceTree = "<group>"; };
		B68A81DD1ACDBA4F0067ACB1 /* MasterViewController.h */ = {isa = PBXFileReference; lastKnownFileType = sourcecode.c.h; path = MasterViewController.h; sourceTree = "<group>"; };
		B68A81DE1ACDBA4F0067ACB1 /* MasterViewController.m */ = {isa = PBXFileReference; lastKnownFileType = sourcecode.c.objc; path = MasterViewController.m; sourceTree = "<group>"; };
		B68A81E01ACDBA4F0067ACB1 /* DetailViewController.h */ = {isa = PBXFileReference; lastKnownFileType = sourcecode.c.h; path = DetailViewController.h; sourceTree = "<group>"; };
		B68A81E11ACDBA4F0067ACB1 /* DetailViewController.m */ = {isa = PBXFileReference; lastKnownFileType = sourcecode.c.objc; path = DetailViewController.m; sourceTree = "<group>"; };
		B68A81E41ACDBA4F0067ACB1 /* Base */ = {isa = PBXFileReference; lastKnownFileType = file.storyboard; name = Base; path = Base.lproj/Main.storyboard; sourceTree = "<group>"; };
		B68A81E61ACDBA4F0067ACB1 /* Images.xcassets */ = {isa = PBXFileReference; lastKnownFileType = folder.assetcatalog; path = Images.xcassets; sourceTree = "<group>"; };
		B68A81E91ACDBA4F0067ACB1 /* Base */ = {isa = PBXFileReference; lastKnownFileType = file.xib; name = Base; path = Base.lproj/LaunchScreen.xib; sourceTree = "<group>"; };
		B68A81EF1ACDBA4F0067ACB1 /* FindMoviesNearTests.xctest */ = {isa = PBXFileReference; explicitFileType = wrapper.cfbundle; includeInIndex = 0; path = FindMoviesNearTests.xctest; sourceTree = BUILT_PRODUCTS_DIR; };
		B68A81F41ACDBA4F0067ACB1 /* Info.plist */ = {isa = PBXFileReference; lastKnownFileType = text.plist.xml; path = Info.plist; sourceTree = "<group>"; };
		B68A81F51ACDBA4F0067ACB1 /* FindMoviesNearTests.m */ = {isa = PBXFileReference; lastKnownFileType = sourcecode.c.objc; path = FindMoviesNearTests.m; sourceTree = "<group>"; };
		B68A82041ACDBAC30067ACB1 /* Movies.h */ = {isa = PBXFileReference; fileEncoding = 4; lastKnownFileType = sourcecode.c.h; path = Movies.h; sourceTree = "<group>"; };
		B68A82051ACDBAC30067ACB1 /* Movies.m */ = {isa = PBXFileReference; fileEncoding = 4; lastKnownFileType = sourcecode.c.objc; path = Movies.m; sourceTree = "<group>"; };
		B68A82131ACDC53A0067ACB1 /* MovieBuilder.h */ = {isa = PBXFileReference; fileEncoding = 4; lastKnownFileType = sourcecode.c.h; name = MovieBuilder.h; path = ../MovieBuilder.h; sourceTree = "<group>"; };
		B68A82141ACDC53A0067ACB1 /* MovieBuilder.m */ = {isa = PBXFileReference; fileEncoding = 4; lastKnownFileType = sourcecode.c.objc; name = MovieBuilder.m; path = ../MovieBuilder.m; sourceTree = "<group>"; };
		B68A82161ACDC5AC0067ACB1 /* TheaterCommunicator.h */ = {isa = PBXFileReference; fileEncoding = 4; lastKnownFileType = sourcecode.c.h; path = TheaterCommunicator.h; sourceTree = "<group>"; };
		B68A82171ACDC5AC0067ACB1 /* TheaterCommunicator.m */ = {isa = PBXFileReference; fileEncoding = 4; lastKnownFileType = sourcecode.c.objc; path = TheaterCommunicator.m; sourceTree = "<group>"; };
		B68A82191ACDCA340067ACB1 /* MovieTheatreManager.h */ = {isa = PBXFileReference; fileEncoding = 4; lastKnownFileType = sourcecode.c.h; path = MovieTheatreManager.h; sourceTree = "<group>"; };
		B68A821A1ACDCA340067ACB1 /* MovieTheatreManager.m */ = {isa = PBXFileReference; fileEncoding = 4; lastKnownFileType = sourcecode.c.objc; path = MovieTheatreManager.m; sourceTree = "<group>"; };
		B68A821C1ACDCC4D0067ACB1 /* TheaterCommunicatorDelegate.h */ = {isa = PBXFileReference; fileEncoding = 4; lastKnownFileType = sourcecode.c.h; path = TheaterCommunicatorDelegate.h; sourceTree = "<group>"; };
		B68A821D1ACDCC970067ACB1 /* MovieTheatreManagerDelegate.h */ = {isa = PBXFileReference; fileEncoding = 4; lastKnownFileType = sourcecode.c.h; path = MovieTheatreManagerDelegate.h; sourceTree = "<group>"; };
		B68A821E1ACDCE4B0067ACB1 /* Theatres.h */ = {isa = PBXFileReference; fileEncoding = 4; lastKnownFileType = sourcecode.c.h; path = Theatres.h; sourceTree = "<group>"; };
		B68A821F1ACDCE4B0067ACB1 /* Theatres.m */ = {isa = PBXFileReference; fileEncoding = 4; lastKnownFileType = sourcecode.c.objc; path = Theatres.m; sourceTree = "<group>"; };
		B68A828E1ACDD8510067ACB1 /* CoreLocation.framework */ = {isa = PBXFileReference; lastKnownFileType = wrapper.framework; name = CoreLocation.framework; path = System/Library/Frameworks/CoreLocation.framework; sourceTree = SDKROOT; };
		B68A82901ACDD8940067ACB1 /* TheatreViewController.h */ = {isa = PBXFileReference; fileEncoding = 4; lastKnownFileType = sourcecode.c.h; path = TheatreViewController.h; sourceTree = "<group>"; };
		B68A82911ACDD8940067ACB1 /* TheatreViewController.m */ = {isa = PBXFileReference; fileEncoding = 4; lastKnownFileType = sourcecode.c.objc; path = TheatreViewController.m; sourceTree = "<group>"; };
		B68A82931ACDE2DF0067ACB1 /* NSString+URLEncoding.h */ = {isa = PBXFileReference; fileEncoding = 4; lastKnownFileType = sourcecode.c.h; path = "NSString+URLEncoding.h"; sourceTree = "<group>"; };
		B68A82941ACDE2DF0067ACB1 /* NSString+URLEncoding.m */ = {isa = PBXFileReference; fileEncoding = 4; lastKnownFileType = sourcecode.c.objc; path = "NSString+URLEncoding.m"; sourceTree = "<group>"; };
		B68A82981ACDF4B60067ACB1 /* MapKit.framework */ = {isa = PBXFileReference; lastKnownFileType = wrapper.framework; name = MapKit.framework; path = System/Library/Frameworks/MapKit.framework; sourceTree = SDKROOT; };
/* End PBXFileReference section */

/* Begin PBXFrameworksBuildPhase section */
		B68A81CD1ACDBA4F0067ACB1 /* Frameworks */ = {
			isa = PBXFrameworksBuildPhase;
			buildActionMask = 2147483647;
			files = (
				B68A82991ACDF4B60067ACB1 /* MapKit.framework in Frameworks */,
				B68A828F1ACDD8510067ACB1 /* CoreLocation.framework in Frameworks */,
			);
			runOnlyForDeploymentPostprocessing = 0;
		};
		B68A81EC1ACDBA4F0067ACB1 /* Frameworks */ = {
			isa = PBXFrameworksBuildPhase;
			buildActionMask = 2147483647;
			files = (
			);
			runOnlyForDeploymentPostprocessing = 0;
		};
/* End PBXFrameworksBuildPhase section */

/* Begin PBXGroup section */
		B68A81C71ACDBA4F0067ACB1 = {
			isa = PBXGroup;
			children = (
				B68A82981ACDF4B60067ACB1 /* MapKit.framework */,
				B68A828E1ACDD8510067ACB1 /* CoreLocation.framework */,
				B68A81D21ACDBA4F0067ACB1 /* FindMoviesNear */,
				B68A81F21ACDBA4F0067ACB1 /* FindMoviesNearTests */,
				B68A81D11ACDBA4F0067ACB1 /* Products */,
			);
			sourceTree = "<group>";
		};
		B68A81D11ACDBA4F0067ACB1 /* Products */ = {
			isa = PBXGroup;
			children = (
				B68A81D01ACDBA4F0067ACB1 /* FindMoviesNear.app */,
				B68A81EF1ACDBA4F0067ACB1 /* FindMoviesNearTests.xctest */,
			);
			name = Products;
			sourceTree = "<group>";
		};
		B68A81D21ACDBA4F0067ACB1 /* FindMoviesNear */ = {
			isa = PBXGroup;
			children = (
				B68A82031ACDBABA0067ACB1 /* Model */,
				B68A81D71ACDBA4F0067ACB1 /* AppDelegate.h */,
				B68A81D81ACDBA4F0067ACB1 /* AppDelegate.m */,
				B68A82961ACDE4430067ACB1 /* Custom Classes */,
				B68A82971ACDE4510067ACB1 /* View Controllers */,
				B68A82021ACDBA8C0067ACB1 /* Helpers */,
				B68A81E31ACDBA4F0067ACB1 /* Main.storyboard */,
				B68A81E61ACDBA4F0067ACB1 /* Images.xcassets */,
				B68A81E81ACDBA4F0067ACB1 /* LaunchScreen.xib */,
				B68A81DA1ACDBA4F0067ACB1 /* FindMoviesNear.xcdatamodeld */,
				B68A81D31ACDBA4F0067ACB1 /* Supporting Files */,
			);
			path = FindMoviesNear;
			sourceTree = "<group>";
		};
		B68A81D31ACDBA4F0067ACB1 /* Supporting Files */ = {
			isa = PBXGroup;
			children = (
				B68A81D41ACDBA4F0067ACB1 /* Info.plist */,
				B68A81D51ACDBA4F0067ACB1 /* main.m */,
			);
			name = "Supporting Files";
			sourceTree = "<group>";
		};
		B68A81F21ACDBA4F0067ACB1 /* FindMoviesNearTests */ = {
			isa = PBXGroup;
			children = (
				B68A81F51ACDBA4F0067ACB1 /* FindMoviesNearTests.m */,
				B68A81F31ACDBA4F0067ACB1 /* Supporting Files */,
			);
			path = FindMoviesNearTests;
			sourceTree = "<group>";
		};
		B68A81F31ACDBA4F0067ACB1 /* Supporting Files */ = {
			isa = PBXGroup;
			children = (
				B68A81F41ACDBA4F0067ACB1 /* Info.plist */,
			);
			name = "Supporting Files";
			sourceTree = "<group>";
		};
		B68A82021ACDBA8C0067ACB1 /* Helpers */ = {
			isa = PBXGroup;
			children = (
				B68A82131ACDC53A0067ACB1 /* MovieBuilder.h */,
				B68A82141ACDC53A0067ACB1 /* MovieBuilder.m */,
				B68A821C1ACDCC4D0067ACB1 /* TheaterCommunicatorDelegate.h */,
				B68A82161ACDC5AC0067ACB1 /* TheaterCommunicator.h */,
				B68A82171ACDC5AC0067ACB1 /* TheaterCommunicator.m */,
				B68A821D1ACDCC970067ACB1 /* MovieTheatreManagerDelegate.h */,
				B68A82191ACDCA340067ACB1 /* MovieTheatreManager.h */,
				B68A821A1ACDCA340067ACB1 /* MovieTheatreManager.m */,
			);
			name = Helpers;
			sourceTree = "<group>";
		};
		B68A82031ACDBABA0067ACB1 /* Model */ = {
			isa = PBXGroup;
			children = (
				B68A82041ACDBAC30067ACB1 /* Movies.h */,
				B68A82051ACDBAC30067ACB1 /* Movies.m */,
				B68A821E1ACDCE4B0067ACB1 /* Theatres.h */,
				B68A821F1ACDCE4B0067ACB1 /* Theatres.m */,
			);
			name = Model;
			sourceTree = "<group>";
		};
		B68A82961ACDE4430067ACB1 /* Custom Classes */ = {
			isa = PBXGroup;
			children = (
				B68A82931ACDE2DF0067ACB1 /* NSString+URLEncoding.h */,
				B68A82941ACDE2DF0067ACB1 /* NSString+URLEncoding.m */,
			);
			name = "Custom Classes";
			sourceTree = "<group>";
		};
		B68A82971ACDE4510067ACB1 /* View Controllers */ = {
			isa = PBXGroup;
			children = (
				B68A81DD1ACDBA4F0067ACB1 /* MasterViewController.h */,
				B68A81DE1ACDBA4F0067ACB1 /* MasterViewController.m */,
				B68A82901ACDD8940067ACB1 /* TheatreViewController.h */,
				B68A82911ACDD8940067ACB1 /* TheatreViewController.m */,
				B68A81E01ACDBA4F0067ACB1 /* DetailViewController.h */,
				B68A81E11ACDBA4F0067ACB1 /* DetailViewController.m */,
			);
			name = "View Controllers";
			sourceTree = "<group>";
		};
/* End PBXGroup section */

/* Begin PBXNativeTarget section */
		B68A81CF1ACDBA4F0067ACB1 /* FindMoviesNear */ = {
			isa = PBXNativeTarget;
			buildConfigurationList = B68A81F91ACDBA4F0067ACB1 /* Build configuration list for PBXNativeTarget "FindMoviesNear" */;
			buildPhases = (
				B68A81CC1ACDBA4F0067ACB1 /* Sources */,
				B68A81CD1ACDBA4F0067ACB1 /* Frameworks */,
				B68A81CE1ACDBA4F0067ACB1 /* Resources */,
			);
			buildRules = (
			);
			dependencies = (
			);
			name = FindMoviesNear;
			productName = FindMoviesNear;
			productReference = B68A81D01ACDBA4F0067ACB1 /* FindMoviesNear.app */;
			productType = "com.apple.product-type.application";
		};
		B68A81EE1ACDBA4F0067ACB1 /* FindMoviesNearTests */ = {
			isa = PBXNativeTarget;
			buildConfigurationList = B68A81FC1ACDBA4F0067ACB1 /* Build configuration list for PBXNativeTarget "FindMoviesNearTests" */;
			buildPhases = (
				B68A81EB1ACDBA4F0067ACB1 /* Sources */,
				B68A81EC1ACDBA4F0067ACB1 /* Frameworks */,
				B68A81ED1ACDBA4F0067ACB1 /* Resources */,
			);
			buildRules = (
			);
			dependencies = (
				B68A81F11ACDBA4F0067ACB1 /* PBXTargetDependency */,
			);
			name = FindMoviesNearTests;
			productName = FindMoviesNearTests;
			productReference = B68A81EF1ACDBA4F0067ACB1 /* FindMoviesNearTests.xctest */;
			productType = "com.apple.product-type.bundle.unit-test";
		};
/* End PBXNativeTarget section */

/* Begin PBXProject section */
		B68A81C81ACDBA4F0067ACB1 /* Project object */ = {
			isa = PBXProject;
			attributes = {
				LastUpgradeCheck = 0620;
				ORGANIZATIONNAME = cghcapital;
				TargetAttributes = {
					B68A81CF1ACDBA4F0067ACB1 = {
						CreatedOnToolsVersion = 6.2;
					};
					B68A81EE1ACDBA4F0067ACB1 = {
						CreatedOnToolsVersion = 6.2;
						TestTargetID = B68A81CF1ACDBA4F0067ACB1;
					};
				};
			};
			buildConfigurationList = B68A81CB1ACDBA4F0067ACB1 /* Build configuration list for PBXProject "FindMoviesNear" */;
			compatibilityVersion = "Xcode 3.2";
			developmentRegion = English;
			hasScannedForEncodings = 0;
			knownRegions = (
				en,
				Base,
			);
			mainGroup = B68A81C71ACDBA4F0067ACB1;
			productRefGroup = B68A81D11ACDBA4F0067ACB1 /* Products */;
			projectDirPath = "";
			projectRoot = "";
			targets = (
				B68A81CF1ACDBA4F0067ACB1 /* FindMoviesNear */,
				B68A81EE1ACDBA4F0067ACB1 /* FindMoviesNearTests */,
			);
		};
/* End PBXProject section */

/* Begin PBXResourcesBuildPhase section */
		B68A81CE1ACDBA4F0067ACB1 /* Resources */ = {
			isa = PBXResourcesBuildPhase;
			buildActionMask = 2147483647;
			files = (
				B68A81E51ACDBA4F0067ACB1 /* Main.storyboard in Resources */,
				B68A81EA1ACDBA4F0067ACB1 /* LaunchScreen.xib in Resources */,
				B68A81E71ACDBA4F0067ACB1 /* Images.xcassets in Resources */,
			);
			runOnlyForDeploymentPostprocessing = 0;
		};
		B68A81ED1ACDBA4F0067ACB1 /* Resources */ = {
			isa = PBXResourcesBuildPhase;
			buildActionMask = 2147483647;
			files = (
			);
			runOnlyForDeploymentPostprocessing = 0;
		};
/* End PBXResourcesBuildPhase section */

/* Begin PBXSourcesBuildPhase section */
		B68A81CC1ACDBA4F0067ACB1 /* Sources */ = {
			isa = PBXSourcesBuildPhase;
			buildActionMask = 2147483647;
			files = (
				B68A82061ACDBAC30067ACB1 /* Movies.m in Sources */,
				B68A81E21ACDBA4F0067ACB1 /* DetailViewController.m in Sources */,
				B68A81DF1ACDBA4F0067ACB1 /* MasterViewController.m in Sources */,
				B68A82201ACDCE4B0067ACB1 /* Theatres.m in Sources */,
				B68A81D91ACDBA4F0067ACB1 /* AppDelegate.m in Sources */,
				B68A81D61ACDBA4F0067ACB1 /* main.m in Sources */,
				B68A81DC1ACDBA4F0067ACB1 /* FindMoviesNear.xcdatamodeld in Sources */,
				B68A82181ACDC5AC0067ACB1 /* TheaterCommunicator.m in Sources */,
				B68A82921ACDD8940067ACB1 /* TheatreViewController.m in Sources */,
				B68A82151ACDC53A0067ACB1 /* MovieBuilder.m in Sources */,
				B68A82951ACDE2DF0067ACB1 /* NSString+URLEncoding.m in Sources */,
				B68A821B1ACDCA340067ACB1 /* MovieTheatreManager.m in Sources */,
			);
			runOnlyForDeploymentPostprocessing = 0;
		};
		B68A81EB1ACDBA4F0067ACB1 /* Sources */ = {
			isa = PBXSourcesBuildPhase;
			buildActionMask = 2147483647;
			files = (
				B68A81F61ACDBA4F0067ACB1 /* FindMoviesNearTests.m in Sources */,
			);
			runOnlyForDeploymentPostprocessing = 0;
		};
/* End PBXSourcesBuildPhase section */

/* Begin PBXTargetDependency section */
		B68A81F11ACDBA4F0067ACB1 /* PBXTargetDependency */ = {
			isa = PBXTargetDependency;
			target = B68A81CF1ACDBA4F0067ACB1 /* FindMoviesNear */;
			targetProxy = B68A81F01ACDBA4F0067ACB1 /* PBXContainerItemProxy */;
		};
/* End PBXTargetDependency section */

/* Begin PBXVariantGroup section */
		B68A81E31ACDBA4F0067ACB1 /* Main.storyboard */ = {
			isa = PBXVariantGroup;
			children = (
				B68A81E41ACDBA4F0067ACB1 /* Base */,
			);
			name = Main.storyboard;
			sourceTree = "<group>";
		};
		B68A81E81ACDBA4F0067ACB1 /* LaunchScreen.xib */ = {
			isa = PBXVariantGroup;
			children = (
				B68A81E91ACDBA4F0067ACB1 /* Base */,
			);
			name = LaunchScreen.xib;
			sourceTree = "<group>";
		};
/* End PBXVariantGroup section */

/* Begin XCBuildConfiguration section */
		B68A81F71ACDBA4F0067ACB1 /* Debug */ = {
			isa = XCBuildConfiguration;
			buildSettings = {
				ALWAYS_SEARCH_USER_PATHS = NO;
				CLANG_CXX_LANGUAGE_STANDARD = "gnu++0x";
				CLANG_CXX_LIBRARY = "libc++";
				CLANG_ENABLE_MODULES = YES;
				CLANG_ENABLE_OBJC_ARC = YES;
				CLANG_WARN_BOOL_CONVERSION = YES;
				CLANG_WARN_CONSTANT_CONVERSION = YES;
				CLANG_WARN_DIRECT_OBJC_ISA_USAGE = YES_ERROR;
				CLANG_WARN_EMPTY_BODY = YES;
				CLANG_WARN_ENUM_CONVERSION = YES;
				CLANG_WARN_INT_CONVERSION = YES;
				CLANG_WARN_OBJC_ROOT_CLASS = YES_ERROR;
				CLANG_WARN_UNREACHABLE_CODE = YES;
				CLANG_WARN__DUPLICATE_METHOD_MATCH = YES;
				"CODE_SIGN_IDENTITY[sdk=iphoneos*]" = "iPhone Developer";
				COPY_PHASE_STRIP = NO;
				ENABLE_STRICT_OBJC_MSGSEND = YES;
				GCC_C_LANGUAGE_STANDARD = gnu99;
				GCC_DYNAMIC_NO_PIC = NO;
				GCC_OPTIMIZATION_LEVEL = 0;
				GCC_PREPROCESSOR_DEFINITIONS = (
					"DEBUG=1",
					"$(inherited)",
				);
				GCC_SYMBOLS_PRIVATE_EXTERN = NO;
				GCC_WARN_64_TO_32_BIT_CONVERSION = YES;
				GCC_WARN_ABOUT_RETURN_TYPE = YES_ERROR;
				GCC_WARN_UNDECLARED_SELECTOR = YES;
				GCC_WARN_UNINITIALIZED_AUTOS = YES_AGGRESSIVE;
				GCC_WARN_UNUSED_FUNCTION = YES;
				GCC_WARN_UNUSED_VARIABLE = YES;
				IPHONEOS_DEPLOYMENT_TARGET = 8.2;
				MTL_ENABLE_DEBUG_INFO = YES;
				ONLY_ACTIVE_ARCH = YES;
				SDKROOT = iphoneos;
			};
			name = Debug;
		};
		B68A81F81ACDBA4F0067ACB1 /* Release */ = {
			isa = XCBuildConfiguration;
			buildSettings = {
				ALWAYS_SEARCH_USER_PATHS = NO;
				CLANG_CXX_LANGUAGE_STANDARD = "gnu++0x";
				CLANG_CXX_LIBRARY = "libc++";
				CLANG_ENABLE_MODULES = YES;
				CLANG_ENABLE_OBJC_ARC = YES;
				CLANG_WARN_BOOL_CONVERSION = YES;
				CLANG_WARN_CONSTANT_CONVERSION = YES;
				CLANG_WARN_DIRECT_OBJC_ISA_USAGE = YES_ERROR;
				CLANG_WARN_EMPTY_BODY = YES;
				CLANG_WARN_ENUM_CONVERSION = YES;
				CLANG_WARN_INT_CONVERSION = YES;
				CLANG_WARN_OBJC_ROOT_CLASS = YES_ERROR;
				CLANG_WARN_UNREACHABLE_CODE = YES;
				CLANG_WARN__DUPLICATE_METHOD_MATCH = YES;
				"CODE_SIGN_IDENTITY[sdk=iphoneos*]" = "iPhone Developer";
				COPY_PHASE_STRIP = NO;
				ENABLE_NS_ASSERTIONS = NO;
				ENABLE_STRICT_OBJC_MSGSEND = YES;
				GCC_C_LANGUAGE_STANDARD = gnu99;
				GCC_WARN_64_TO_32_BIT_CONVERSION = YES;
				GCC_WARN_ABOUT_RETURN_TYPE = YES_ERROR;
				GCC_WARN_UNDECLARED_SELECTOR = YES;
				GCC_WARN_UNINITIALIZED_AUTOS = YES_AGGRESSIVE;
				GCC_WARN_UNUSED_FUNCTION = YES;
				GCC_WARN_UNUSED_VARIABLE = YES;
				IPHONEOS_DEPLOYMENT_TARGET = 8.2;
				MTL_ENABLE_DEBUG_INFO = NO;
				SDKROOT = iphoneos;
				VALIDATE_PRODUCT = YES;
			};
			name = Release;
		};
		B68A81FA1ACDBA4F0067ACB1 /* Debug */ = {
			isa = XCBuildConfiguration;
			buildSettings = {
				ASSETCATALOG_COMPILER_APPICON_NAME = AppIcon;
				INFOPLIST_FILE = FindMoviesNear/Info.plist;
				IPHONEOS_DEPLOYMENT_TARGET = 8.1;
				LD_RUNPATH_SEARCH_PATHS = "$(inherited) @executable_path/Frameworks";
				PRODUCT_NAME = "$(TARGET_NAME)";
			};
			name = Debug;
		};
		B68A81FB1ACDBA4F0067ACB1 /* Release */ = {
			isa = XCBuildConfiguration;
			buildSettings = {
				ASSETCATALOG_COMPILER_APPICON_NAME = AppIcon;
				INFOPLIST_FILE = FindMoviesNear/Info.plist;
				IPHONEOS_DEPLOYMENT_TARGET = 8.1;
				LD_RUNPATH_SEARCH_PATHS = "$(inherited) @executable_path/Frameworks";
				PRODUCT_NAME = "$(TARGET_NAME)";
			};
			name = Release;
		};
		B68A81FD1ACDBA4F0067ACB1 /* Debug */ = {
			isa = XCBuildConfiguration;
			buildSettings = {
				BUNDLE_LOADER = "$(TEST_HOST)";
				FRAMEWORK_SEARCH_PATHS = (
					"$(SDKROOT)/Developer/Library/Frameworks",
					"$(inherited)",
				);
				GCC_PREPROCESSOR_DEFINITIONS = (
					"DEBUG=1",
					"$(inherited)",
				);
				INFOPLIST_FILE = FindMoviesNearTests/Info.plist;
				LD_RUNPATH_SEARCH_PATHS = "$(inherited) @executable_path/Frameworks @loader_path/Frameworks";
				PRODUCT_NAME = "$(TARGET_NAME)";
				TEST_HOST = "$(BUILT_PRODUCTS_DIR)/FindMoviesNear.app/FindMoviesNear";
			};
			name = Debug;
		};
		B68A81FE1ACDBA4F0067ACB1 /* Release */ = {
			isa = XCBuildConfiguration;
			buildSettings = {
				BUNDLE_LOADER = "$(TEST_HOST)";
				FRAMEWORK_SEARCH_PATHS = (
					"$(SDKROOT)/Developer/Library/Frameworks",
					"$(inherited)",
				);
				INFOPLIST_FILE = FindMoviesNearTests/Info.plist;
				LD_RUNPATH_SEARCH_PATHS = "$(inherited) @executable_path/Frameworks @loader_path/Frameworks";
				PRODUCT_NAME = "$(TARGET_NAME)";
				TEST_HOST = "$(BUILT_PRODUCTS_DIR)/FindMoviesNear.app/FindMoviesNear";
			};
			name = Release;
		};
/* End XCBuildConfiguration section */

/* Begin XCConfigurationList section */
		B68A81CB1ACDBA4F0067ACB1 /* Build configuration list for PBXProject "FindMoviesNear" */ = {
			isa = XCConfigurationList;
			buildConfigurations = (
				B68A81F71ACDBA4F0067ACB1 /* Debug */,
				B68A81F81ACDBA4F0067ACB1 /* Release */,
			);
			defaultConfigurationIsVisible = 0;
			defaultConfigurationName = Release;
		};
		B68A81F91ACDBA4F0067ACB1 /* Build configuration list for PBXNativeTarget "FindMoviesNear" */ = {
			isa = XCConfigurationList;
			buildConfigurations = (
				B68A81FA1ACDBA4F0067ACB1 /* Debug */,
				B68A81FB1ACDBA4F0067ACB1 /* Release */,
			);
			defaultConfigurationIsVisible = 0;
		};
		B68A81FC1ACDBA4F0067ACB1 /* Build configuration list for PBXNativeTarget "FindMoviesNearTests" */ = {
			isa = XCConfigurationList;
			buildConfigurations = (
				B68A81FD1ACDBA4F0067ACB1 /* Debug */,
				B68A81FE1ACDBA4F0067ACB1 /* Release */,
			);
			defaultConfigurationIsVisible = 0;
		};
/* End XCConfigurationList section */

/* Begin XCVersionGroup section */
		B68A81DA1ACDBA4F0067ACB1 /* FindMoviesNear.xcdatamodeld */ = {
			isa = XCVersionGroup;
			children = (
				B68A81DB1ACDBA4F0067ACB1 /* FindMoviesNear.xcdatamodel */,
			);
			currentVersion = B68A81DB1ACDBA4F0067ACB1 /* FindMoviesNear.xcdatamodel */;
			path = FindMoviesNear.xcdatamodeld;
			sourceTree = "<group>";
			versionGroupType = wrapper.xcdatamodel;
		};
/* End XCVersionGroup section */
	};
	rootObject = B68A81C81ACDBA4F0067ACB1 /* Project object */;
}
